PODS:
  - Flutter (1.22.4)
  - flutter_plugin_android_lifecycle (0.0.1):
    - Flutter
  - image_picker (0.0.1):
    - Flutter
  - permission_handler (5.0.0):
    - Flutter
  - super_qr_reader (0.0.1):
    - Flutter

DEPENDENCIES:
  - flutter_plugin_android_lifecycle (from `.symlinks/plugins/flutter_plugin_android_lifecycle/ios`)
  - image_picker (from `.symlinks/plugins/image_picker/ios`)
  - permission_handler (from `.symlinks/plugins/permission_handler/ios`)
  - super_qr_reader (from `.symlinks/plugins/super_qr_reader/ios`)

SPEC REPOS:
  trunk:
    - Flutter

EXTERNAL SOURCES:
  flutter_plugin_android_lifecycle:
    :path: ".symlinks/plugins/flutter_plugin_android_lifecycle/ios"
  image_picker:
    :path: ".symlinks/plugins/image_picker/ios"
  permission_handler:
    :path: ".symlinks/plugins/permission_handler/ios"
  super_qr_reader:
    :path: ".symlinks/plugins/super_qr_reader/ios"

SPEC CHECKSUMS:
  Flutter: d466195df8a9933b705cb82c53140202e097ec55
  flutter_plugin_android_lifecycle: 47de533a02850f070f5696a623995e93eddcdb9b
  image_picker: e3eacd46b94694dde7cf2705955cece853aa1a8f
  permission_handler: c136c8d87d3438c7fad2754fe144e5f712c536b2
  super_qr_reader: 22b11cbfd8eb8360ad9082334326068c01ac7754

PODFILE CHECKSUM: e8988baac3a50f787b9d3ed7ca44957b442f92a7

COCOAPODS: 1.10.1
